
Microsoft Visual Studio Solution File, Format Version 12.00
# Visual Studio Version 17
VisualStudioVersion = 17.8.34330.188
MinimumVisualStudioVersion = 10.0.40219.1
Project("{FAE04EC0-301F-11D3-BF4B-00C04F79EFBC}") = "3.1.1", "Glava3\3.1.1.csproj", "{139FBF69-CA4A-405A-8532-63F2BB81059A}"
EndProject
Global
	GlobalSection(SolutionConfigurationPlatforms) = preSolution
		Debug|Any CPU = Debug|Any CPU
		Release|Any CPU = Release|Any CPU
	EndGlobalSection
	GlobalSection(ProjectConfigurationPlatforms) = postSolution
		{139FBF69-CA4A-405A-8532-63F2BB81059A}.Debug|Any CPU.ActiveCfg = Debug|Any CPU
		{139FBF69-CA4A-405A-8532-63F2BB81059A}.Debug|Any CPU.Build.0 = Debug|Any CPU
		{139FBF69-CA4A-405A-8532-63F2BB81059A}.Release|Any CPU.ActiveCfg = Release|Any CPU
		{139FBF69-CA4A-405A-8532-63F2BB81059A}.Release|Any CPU.Build.0 = Release|Any CPU
	EndGlobalSection
	GlobalSection(SolutionProperties) = preSolution
		HideSolutionNode = FALSE
	EndGlobalSection
	GlobalSection(ExtensibilityGlobals) = postSolution
		SolutionGuid = {70E59318-F0F3-499D-8F62-9FE6BE7E6CCF}
	EndGlobalSection
EndGlobal
